
Microsoft Visual Studio Solution File, Format Version 12.00
# Visual Studio Version 17
VisualStudioVersion = 17.6.33712.159
MinimumVisualStudioVersion = 10.0.40219.1
Project("{2150E333-8FDC-42A3-9474-1A3956D46DE8}") = "AuthApi", "AuthApi", "{220D3EBB-8338-4C92-9F08-700BACB501D4}"
EndProject
Project("{9A19103F-16F7-4668-BE54-9A1E7A4F7556}") = "Auth.Api", "AuthApi\Auth.Api\Auth.Api.csproj", "{327D48F2-6E00-4435-A165-DF9875EE40D5}"
EndProject
Project("{2150E333-8FDC-42A3-9474-1A3956D46DE8}") = "ApiGateway", "ApiGateway", "{2B65189B-42EA-408D-A140-FDEB6B10F27E}"
EndProject
Project("{9A19103F-16F7-4668-BE54-9A1E7A4F7556}") = "ApiGateway", "ApiGateWay\ApiGateway\ApiGateway.csproj", "{11183F66-FEDE-43DD-B148-DC76DA6B5265}"
EndProject
Project("{2150E333-8FDC-42A3-9474-1A3956D46DE8}") = "GeoApi", "GeoApi", "{5CE49374-3492-48B0-9F31-CF06DF66E179}"
EndProject
Project("{9A19103F-16F7-4668-BE54-9A1E7A4F7556}") = "Geo.Api", "GeoApi\Geo.Api\Geo.Api.csproj", "{7C408267-57D9-4050-90AC-8E65DCF9A04E}"
EndProject
Project("{9A19103F-16F7-4668-BE54-9A1E7A4F7556}") = "Geo.Api.Business", "GeoApi\Geo.Api.Business\Geo.Api.Business.csproj", "{B099BD94-66E5-4246-926B-70889E0B651F}"
EndProject
Project("{9A19103F-16F7-4668-BE54-9A1E7A4F7556}") = "Geo.Api.Entities", "GeoApi\Geo.Api.Entities\Geo.Api.Entities.csproj", "{F7C0C1D6-050E-4658-9DF0-90345888E2C6}"
EndProject
Project("{9A19103F-16F7-4668-BE54-9A1E7A4F7556}") = "Geo.Api.Repositories", "GeoApi\Geo.Api.Repositories\Geo.Api.Repositories.csproj", "{C50DE318-1D8C-4E88-8FC4-45ED8E592B4C}"
EndProject
Project("{9A19103F-16F7-4668-BE54-9A1E7A4F7556}") = "1_emptyTemplate", "GeoApi\1_emptyTemplate\1_emptyTemplate.csproj", "{EF5C7A06-2533-4EF2-8CA9-511D21D0C387}"
EndProject
Project("{9A19103F-16F7-4668-BE54-9A1E7A4F7556}") = "2_Logging", "GeoApi\2_Logging\2_Logging.csproj", "{994E0E3D-BC05-494E-8987-B6DCE534D8D2}"
EndProject
Project("{9A19103F-16F7-4668-BE54-9A1E7A4F7556}") = "3_locationDemo", "GeoApi\3_locationDemo\3_locationDemo.csproj", "{0E9D49BF-EF2F-472F-AB8C-B1607BC6F5E7}"
EndProject
Project("{9A19103F-16F7-4668-BE54-9A1E7A4F7556}") = "4_EfCore", "GeoApi\4_EfCore\4_EfCore.csproj", "{57AE3908-7DB2-4978-8741-FAC259F33BE0}"
EndProject
Project("{9A19103F-16F7-4668-BE54-9A1E7A4F7556}") = "Location.Api", "GeoApi\Location.Api\Location.Api.csproj", "{D0B5B4CA-40B5-4F6C-99D1-64A715F7A796}"
EndProject
Project("{FAE04EC0-301F-11D3-BF4B-00C04F79EFBC}") = "Location.Api.Entities", "GeoApi\Location.Api.Entities\Location.Api.Entities.csproj", "{5DE49C34-751C-4DE0-95C9-74CA090E71AA}"
EndProject
Project("{FAE04EC0-301F-11D3-BF4B-00C04F79EFBC}") = "Location.Api.Presentation", "GeoApi\Location.Api.Presentation\Location.Api.Presentation.csproj", "{7B2577C4-84AD-4188-BBA4-40BB23D06E41}"
EndProject
Project("{FAE04EC0-301F-11D3-BF4B-00C04F79EFBC}") = "Location.Api.Repositories", "GeoApi\Location.Api.Repositories\Location.Api.Repositories.csproj", "{BB24C832-3E37-4459-B40B-2943B28E1E0D}"
EndProject
Project("{FAE04EC0-301F-11D3-BF4B-00C04F79EFBC}") = "Location.Api.Services", "GeoApi\Location.Api.Services\Location.Api.Services.csproj", "{E97747A1-C64F-4F99-9D0F-B5ACBAAA3DB7}"
EndProject
Global
	GlobalSection(SolutionConfigurationPlatforms) = preSolution
		Debug|Any CPU = Debug|Any CPU
		Release|Any CPU = Release|Any CPU
	EndGlobalSection
	GlobalSection(ProjectConfigurationPlatforms) = postSolution
		{327D48F2-6E00-4435-A165-DF9875EE40D5}.Debug|Any CPU.ActiveCfg = Debug|Any CPU
		{327D48F2-6E00-4435-A165-DF9875EE40D5}.Debug|Any CPU.Build.0 = Debug|Any CPU
		{327D48F2-6E00-4435-A165-DF9875EE40D5}.Release|Any CPU.ActiveCfg = Release|Any CPU
		{327D48F2-6E00-4435-A165-DF9875EE40D5}.Release|Any CPU.Build.0 = Release|Any CPU
		{11183F66-FEDE-43DD-B148-DC76DA6B5265}.Debug|Any CPU.ActiveCfg = Debug|Any CPU
		{11183F66-FEDE-43DD-B148-DC76DA6B5265}.Debug|Any CPU.Build.0 = Debug|Any CPU
		{11183F66-FEDE-43DD-B148-DC76DA6B5265}.Release|Any CPU.ActiveCfg = Release|Any CPU
		{11183F66-FEDE-43DD-B148-DC76DA6B5265}.Release|Any CPU.Build.0 = Release|Any CPU
		{7C408267-57D9-4050-90AC-8E65DCF9A04E}.Debug|Any CPU.ActiveCfg = Debug|Any CPU
		{7C408267-57D9-4050-90AC-8E65DCF9A04E}.Debug|Any CPU.Build.0 = Debug|Any CPU
		{7C408267-57D9-4050-90AC-8E65DCF9A04E}.Release|Any CPU.ActiveCfg = Release|Any CPU
		{7C408267-57D9-4050-90AC-8E65DCF9A04E}.Release|Any CPU.Build.0 = Release|Any CPU
		{B099BD94-66E5-4246-926B-70889E0B651F}.Debug|Any CPU.ActiveCfg = Debug|Any CPU
		{B099BD94-66E5-4246-926B-70889E0B651F}.Debug|Any CPU.Build.0 = Debug|Any CPU
		{B099BD94-66E5-4246-926B-70889E0B651F}.Release|Any CPU.ActiveCfg = Release|Any CPU
		{B099BD94-66E5-4246-926B-70889E0B651F}.Release|Any CPU.Build.0 = Release|Any CPU
		{F7C0C1D6-050E-4658-9DF0-90345888E2C6}.Debug|Any CPU.ActiveCfg = Debug|Any CPU
		{F7C0C1D6-050E-4658-9DF0-90345888E2C6}.Debug|Any CPU.Build.0 = Debug|Any CPU
		{F7C0C1D6-050E-4658-9DF0-90345888E2C6}.Release|Any CPU.ActiveCfg = Release|Any CPU
		{F7C0C1D6-050E-4658-9DF0-90345888E2C6}.Release|Any CPU.Build.0 = Release|Any CPU
		{C50DE318-1D8C-4E88-8FC4-45ED8E592B4C}.Debug|Any CPU.ActiveCfg = Debug|Any CPU
		{C50DE318-1D8C-4E88-8FC4-45ED8E592B4C}.Debug|Any CPU.Build.0 = Debug|Any CPU
		{C50DE318-1D8C-4E88-8FC4-45ED8E592B4C}.Release|Any CPU.ActiveCfg = Release|Any CPU
		{C50DE318-1D8C-4E88-8FC4-45ED8E592B4C}.Release|Any CPU.Build.0 = Release|Any CPU
		{EF5C7A06-2533-4EF2-8CA9-511D21D0C387}.Debug|Any CPU.ActiveCfg = Debug|Any CPU
		{EF5C7A06-2533-4EF2-8CA9-511D21D0C387}.Debug|Any CPU.Build.0 = Debug|Any CPU
		{EF5C7A06-2533-4EF2-8CA9-511D21D0C387}.Release|Any CPU.ActiveCfg = Release|Any CPU
		{EF5C7A06-2533-4EF2-8CA9-511D21D0C387}.Release|Any CPU.Build.0 = Release|Any CPU
		{994E0E3D-BC05-494E-8987-B6DCE534D8D2}.Debug|Any CPU.ActiveCfg = Debug|Any CPU
		{994E0E3D-BC05-494E-8987-B6DCE534D8D2}.Debug|Any CPU.Build.0 = Debug|Any CPU
		{994E0E3D-BC05-494E-8987-B6DCE534D8D2}.Release|Any CPU.ActiveCfg = Release|Any CPU
		{994E0E3D-BC05-494E-8987-B6DCE534D8D2}.Release|Any CPU.Build.0 = Release|Any CPU
		{0E9D49BF-EF2F-472F-AB8C-B1607BC6F5E7}.Debug|Any CPU.ActiveCfg = Debug|Any CPU
		{0E9D49BF-EF2F-472F-AB8C-B1607BC6F5E7}.Debug|Any CPU.Build.0 = Debug|Any CPU
		{0E9D49BF-EF2F-472F-AB8C-B1607BC6F5E7}.Release|Any CPU.ActiveCfg = Release|Any CPU
		{0E9D49BF-EF2F-472F-AB8C-B1607BC6F5E7}.Release|Any CPU.Build.0 = Release|Any CPU
		{57AE3908-7DB2-4978-8741-FAC259F33BE0}.Debug|Any CPU.ActiveCfg = Debug|Any CPU
		{57AE3908-7DB2-4978-8741-FAC259F33BE0}.Debug|Any CPU.Build.0 = Debug|Any CPU
		{57AE3908-7DB2-4978-8741-FAC259F33BE0}.Release|Any CPU.ActiveCfg = Release|Any CPU
		{57AE3908-7DB2-4978-8741-FAC259F33BE0}.Release|Any CPU.Build.0 = Release|Any CPU
		{D0B5B4CA-40B5-4F6C-99D1-64A715F7A796}.Debug|Any CPU.ActiveCfg = Debug|Any CPU
		{D0B5B4CA-40B5-4F6C-99D1-64A715F7A796}.Debug|Any CPU.Build.0 = Debug|Any CPU
		{D0B5B4CA-40B5-4F6C-99D1-64A715F7A796}.Release|Any CPU.ActiveCfg = Release|Any CPU
		{D0B5B4CA-40B5-4F6C-99D1-64A715F7A796}.Release|Any CPU.Build.0 = Release|Any CPU
		{5DE49C34-751C-4DE0-95C9-74CA090E71AA}.Debug|Any CPU.ActiveCfg = Debug|Any CPU
		{5DE49C34-751C-4DE0-95C9-74CA090E71AA}.Debug|Any CPU.Build.0 = Debug|Any CPU
		{5DE49C34-751C-4DE0-95C9-74CA090E71AA}.Release|Any CPU.ActiveCfg = Release|Any CPU
		{5DE49C34-751C-4DE0-95C9-74CA090E71AA}.Release|Any CPU.Build.0 = Release|Any CPU
		{7B2577C4-84AD-4188-BBA4-40BB23D06E41}.Debug|Any CPU.ActiveCfg = Debug|Any CPU
		{7B2577C4-84AD-4188-BBA4-40BB23D06E41}.Debug|Any CPU.Build.0 = Debug|Any CPU
		{7B2577C4-84AD-4188-BBA4-40BB23D06E41}.Release|Any CPU.ActiveCfg = Release|Any CPU
		{7B2577C4-84AD-4188-BBA4-40BB23D06E41}.Release|Any CPU.Build.0 = Release|Any CPU
		{BB24C832-3E37-4459-B40B-2943B28E1E0D}.Debug|Any CPU.ActiveCfg = Debug|Any CPU
		{BB24C832-3E37-4459-B40B-2943B28E1E0D}.Debug|Any CPU.Build.0 = Debug|Any CPU
		{BB24C832-3E37-4459-B40B-2943B28E1E0D}.Release|Any CPU.ActiveCfg = Release|Any CPU
		{BB24C832-3E37-4459-B40B-2943B28E1E0D}.Release|Any CPU.Build.0 = Release|Any CPU
		{E97747A1-C64F-4F99-9D0F-B5ACBAAA3DB7}.Debug|Any CPU.ActiveCfg = Debug|Any CPU
		{E97747A1-C64F-4F99-9D0F-B5ACBAAA3DB7}.Debug|Any CPU.Build.0 = Debug|Any CPU
		{E97747A1-C64F-4F99-9D0F-B5ACBAAA3DB7}.Release|Any CPU.ActiveCfg = Release|Any CPU
		{E97747A1-C64F-4F99-9D0F-B5ACBAAA3DB7}.Release|Any CPU.Build.0 = Release|Any CPU
	EndGlobalSection
	GlobalSection(SolutionProperties) = preSolution
		HideSolutionNode = FALSE
	EndGlobalSection
	GlobalSection(NestedProjects) = preSolution
		{327D48F2-6E00-4435-A165-DF9875EE40D5} = {220D3EBB-8338-4C92-9F08-700BACB501D4}
		{11183F66-FEDE-43DD-B148-DC76DA6B5265} = {2B65189B-42EA-408D-A140-FDEB6B10F27E}
		{7C408267-57D9-4050-90AC-8E65DCF9A04E} = {5CE49374-3492-48B0-9F31-CF06DF66E179}
		{B099BD94-66E5-4246-926B-70889E0B651F} = {5CE49374-3492-48B0-9F31-CF06DF66E179}
		{F7C0C1D6-050E-4658-9DF0-90345888E2C6} = {5CE49374-3492-48B0-9F31-CF06DF66E179}
		{C50DE318-1D8C-4E88-8FC4-45ED8E592B4C} = {5CE49374-3492-48B0-9F31-CF06DF66E179}
		{EF5C7A06-2533-4EF2-8CA9-511D21D0C387} = {5CE49374-3492-48B0-9F31-CF06DF66E179}
		{994E0E3D-BC05-494E-8987-B6DCE534D8D2} = {5CE49374-3492-48B0-9F31-CF06DF66E179}
		{0E9D49BF-EF2F-472F-AB8C-B1607BC6F5E7} = {5CE49374-3492-48B0-9F31-CF06DF66E179}
		{57AE3908-7DB2-4978-8741-FAC259F33BE0} = {5CE49374-3492-48B0-9F31-CF06DF66E179}
		{D0B5B4CA-40B5-4F6C-99D1-64A715F7A796} = {5CE49374-3492-48B0-9F31-CF06DF66E179}
		{5DE49C34-751C-4DE0-95C9-74CA090E71AA} = {5CE49374-3492-48B0-9F31-CF06DF66E179}
		{7B2577C4-84AD-4188-BBA4-40BB23D06E41} = {5CE49374-3492-48B0-9F31-CF06DF66E179}
		{BB24C832-3E37-4459-B40B-2943B28E1E0D} = {5CE49374-3492-48B0-9F31-CF06DF66E179}
		{E97747A1-C64F-4F99-9D0F-B5ACBAAA3DB7} = {5CE49374-3492-48B0-9F31-CF06DF66E179}
	EndGlobalSection
	GlobalSection(ExtensibilityGlobals) = postSolution
		SolutionGuid = {CCCAD004-F7E0-4649-A4C3-AE778E92639C}
	EndGlobalSection
EndGlobal
